// !$*UTF8*$!
{
	archiveVersion = 1;
	classes = {
	};
	objectVersion = 48;
	objects = {

/* Begin PBXBuildFile section */
		82CFB36A21E5612200B7A25C /* AppDelegate.swift in Sources */ = {isa = PBXBuildFile; fileRef = 82CFB36921E5612200B7A25C /* AppDelegate.swift */; };
		82CFB36C21E5612200B7A25C /* ViewController.swift in Sources */ = {isa = PBXBuildFile; fileRef = 82CFB36B21E5612200B7A25C /* ViewController.swift */; };
		82CFB36F21E5612200B7A25C /* Main.storyboard in Resources */ = {isa = PBXBuildFile; fileRef = 82CFB36D21E5612200B7A25C /* Main.storyboard */; };
		82CFB37121E5612200B7A25C /* Assets.xcassets in Resources */ = {isa = PBXBuildFile; fileRef = 82CFB37021E5612200B7A25C /* Assets.xcassets */; };
		82CFB37421E5612200B7A25C /* LaunchScreen.storyboard in Resources */ = {isa = PBXBuildFile; fileRef = 82CFB37221E5612200B7A25C /* LaunchScreen.storyboard */; };
		82CFB37F21E5612300B7A25C /* TipCalculatorTests.swift in Sources */ = {isa = PBXBuildFile; fileRef = 82CFB37E21E5612300B7A25C /* TipCalculatorTests.swift */; };
		82CFB38A21E5612300B7A25C /* TipCalculatorUITests.swift in Sources */ = {isa = PBXBuildFile; fileRef = 82CFB38921E5612300B7A25C /* TipCalculatorUITests.swift */; };
/* End PBXBuildFile section */

/* Begin PBXContainerItemProxy section */
		82CFB37B21E5612300B7A25C /* PBXContainerItemProxy */ = {
			isa = PBXContainerItemProxy;
			containerPortal = 82CFB35E21E5612200B7A25C /* Project object */;
			proxyType = 1;
			remoteGlobalIDString = 82CFB36521E5612200B7A25C;
			remoteInfo = TipCalculator;
		};
		82CFB38621E5612300B7A25C /* PBXContainerItemProxy */ = {
			isa = PBXContainerItemProxy;
			containerPortal = 82CFB35E21E5612200B7A25C /* Project object */;
			proxyType = 1;
			remoteGlobalIDString = 82CFB36521E5612200B7A25C;
			remoteInfo = TipCalculator;
		};
/* End PBXContainerItemProxy section */

/* Begin PBXFileReference section */
		82CFB36621E5612200B7A25C /* TipCalculator.app */ = {isa = PBXFileReference; explicitFileType = wrapper.application; includeInIndex = 0; path = TipCalculator.app; sourceTree = BUILT_PRODUCTS_DIR; };
		82CFB36921E5612200B7A25C /* AppDelegate.swift */ = {isa = PBXFileReference; lastKnownFileType = sourcecode.swift; path = AppDelegate.swift; sourceTree = "<group>"; };
		82CFB36B21E5612200B7A25C /* ViewController.swift */ = {isa = PBXFileReference; lastKnownFileType = sourcecode.swift; path = ViewController.swift; sourceTree = "<group>"; };
		82CFB36E21E5612200B7A25C /* Base */ = {isa = PBXFileReference; lastKnownFileType = file.storyboard; name = Base; path = Base.lproj/Main.storyboard; sourceTree = "<group>"; };
		82CFB37021E5612200B7A25C /* Assets.xcassets */ = {isa = PBXFileReference; lastKnownFileType = folder.assetcatalog; path = Assets.xcassets; sourceTree = "<group>"; };
		82CFB37321E5612200B7A25C /* Base */ = {isa = PBXFileReference; lastKnownFileType = file.storyboard; name = Base; path = Base.lproj/LaunchScreen.storyboard; sourceTree = "<group>"; };
		82CFB37521E5612200B7A25C /* Info.plist */ = {isa = PBXFileReference; lastKnownFileType = text.plist.xml; path = Info.plist; sourceTree = "<group>"; };
		82CFB37A21E5612300B7A25C /* TipCalculatorTests.xctest */ = {isa = PBXFileReference; explicitFileType = wrapper.cfbundle; includeInIndex = 0; path = TipCalculatorTests.xctest; sourceTree = BUILT_PRODUCTS_DIR; };
		82CFB37E21E5612300B7A25C /* TipCalculatorTests.swift */ = {isa = PBXFileReference; lastKnownFileType = sourcecode.swift; path = TipCalculatorTests.swift; sourceTree = "<group>"; };
		82CFB38021E5612300B7A25C /* Info.plist */ = {isa = PBXFileReference; lastKnownFileType = text.plist.xml; path = Info.plist; sourceTree = "<group>"; };
		82CFB38521E5612300B7A25C /* TipCalculatorUITests.xctest */ = {isa = PBXFileReference; explicitFileType = wrapper.cfbundle; includeInIndex = 0; path = TipCalculatorUITests.xctest; sourceTree = BUILT_PRODUCTS_DIR; };
		82CFB38921E5612300B7A25C /* TipCalculatorUITests.swift */ = {isa = PBXFileReference; lastKnownFileType = sourcecode.swift; path = TipCalculatorUITests.swift; sourceTree = "<group>"; };
		82CFB38B21E5612300B7A25C /* Info.plist */ = {isa = PBXFileReference; lastKnownFileType = text.plist.xml; path = Info.plist; sourceTree = "<group>"; };
/* End PBXFileReference section */

/* Begin PBXFrameworksBuildPhase section */
		82CFB36321E5612200B7A25C /* Frameworks */ = {
			isa = PBXFrameworksBuildPhase;
			buildActionMask = 2147483647;
			files = (
			);
			runOnlyForDeploymentPostprocessing = 0;
		};
		82CFB37721E5612300B7A25C /* Frameworks */ = {
			isa = PBXFrameworksBuildPhase;
			buildActionMask = 2147483647;
			files = (
			);
			runOnlyForDeploymentPostprocessing = 0;
		};
		82CFB38221E5612300B7A25C /* Frameworks */ = {
			isa = PBXFrameworksBuildPhase;
			buildActionMask = 2147483647;
			files = (
			);
			runOnlyForDeploymentPostprocessing = 0;
		};
/* End PBXFrameworksBuildPhase section */

/* Begin PBXGroup section */
		82CFB35D21E5612200B7A25C = {
			isa = PBXGroup;
			children = (
				82CFB36821E5612200B7A25C /* TipCalculator */,
				82CFB37D21E5612300B7A25C /* TipCalculatorTests */,
				82CFB38821E5612300B7A25C /* TipCalculatorUITests */,
				82CFB36721E5612200B7A25C /* Products */,
			);
			sourceTree = "<group>";
		};
		82CFB36721E5612200B7A25C /* Products */ = {
			isa = PBXGroup;
			children = (
				82CFB36621E5612200B7A25C /* TipCalculator.app */,
				82CFB37A21E5612300B7A25C /* TipCalculatorTests.xctest */,
				82CFB38521E5612300B7A25C /* TipCalculatorUITests.xctest */,
			);
			name = Products;
			sourceTree = "<group>";
		};
		82CFB36821E5612200B7A25C /* TipCalculator */ = {
			isa = PBXGroup;
			children = (
				82CFB36921E5612200B7A25C /* AppDelegate.swift */,
				82CFB36B21E5612200B7A25C /* ViewController.swift */,
				82CFB36D21E5612200B7A25C /* Main.storyboard */,
				82CFB37021E5612200B7A25C /* Assets.xcassets */,
				82CFB37221E5612200B7A25C /* LaunchScreen.storyboard */,
				82CFB37521E5612200B7A25C /* Info.plist */,
			);
			path = TipCalculator;
			sourceTree = "<group>";
		};
		82CFB37D21E5612300B7A25C /* TipCalculatorTests */ = {
			isa = PBXGroup;
			children = (
				82CFB37E21E5612300B7A25C /* TipCalculatorTests.swift */,
				82CFB38021E5612300B7A25C /* Info.plist */,
			);
			path = TipCalculatorTests;
			sourceTree = "<group>";
		};
		82CFB38821E5612300B7A25C /* TipCalculatorUITests */ = {
			isa = PBXGroup;
			children = (
				82CFB38921E5612300B7A25C /* TipCalculatorUITests.swift */,
				82CFB38B21E5612300B7A25C /* Info.plist */,
			);
			path = TipCalculatorUITests;
			sourceTree = "<group>";
		};
/* End PBXGroup section */

/* Begin PBXNativeTarget section */
		82CFB36521E5612200B7A25C /* TipCalculator */ = {
			isa = PBXNativeTarget;
			buildConfigurationList = 82CFB38E21E5612300B7A25C /* Build configuration list for PBXNativeTarget "TipCalculator" */;
			buildPhases = (
				82CFB36221E5612200B7A25C /* Sources */,
				82CFB36321E5612200B7A25C /* Frameworks */,
				82CFB36421E5612200B7A25C /* Resources */,
			);
			buildRules = (
			);
			dependencies = (
			);
			name = TipCalculator;
			productName = TipCalculator;
			productReference = 82CFB36621E5612200B7A25C /* TipCalculator.app */;
			productType = "com.apple.product-type.application";
		};
		82CFB37921E5612300B7A25C /* TipCalculatorTests */ = {
			isa = PBXNativeTarget;
			buildConfigurationList = 82CFB39121E5612300B7A25C /* Build configuration list for PBXNativeTarget "TipCalculatorTests" */;
			buildPhases = (
				82CFB37621E5612300B7A25C /* Sources */,
				82CFB37721E5612300B7A25C /* Frameworks */,
				82CFB37821E5612300B7A25C /* Resources */,
			);
			buildRules = (
			);
			dependencies = (
				82CFB37C21E5612300B7A25C /* PBXTargetDependency */,
			);
			name = TipCalculatorTests;
			productName = TipCalculatorTests;
			productReference = 82CFB37A21E5612300B7A25C /* TipCalculatorTests.xctest */;
			productType = "com.apple.product-type.bundle.unit-test";
		};
		82CFB38421E5612300B7A25C /* TipCalculatorUITests */ = {
			isa = PBXNativeTarget;
			buildConfigurationList = 82CFB39421E5612300B7A25C /* Build configuration list for PBXNativeTarget "TipCalculatorUITests" */;
			buildPhases = (
				82CFB38121E5612300B7A25C /* Sources */,
				82CFB38221E5612300B7A25C /* Frameworks */,
				82CFB38321E5612300B7A25C /* Resources */,
			);
			buildRules = (
			);
			dependencies = (
				82CFB38721E5612300B7A25C /* PBXTargetDependency */,
			);
			name = TipCalculatorUITests;
			productName = TipCalculatorUITests;
			productReference = 82CFB38521E5612300B7A25C /* TipCalculatorUITests.xctest */;
			productType = "com.apple.product-type.bundle.ui-testing";
		};
/* End PBXNativeTarget section */

/* Begin PBXProject section */
		82CFB35E21E5612200B7A25C /* Project object */ = {
			isa = PBXProject;
			attributes = {
				LastSwiftUpdateCheck = 0920;
				LastUpgradeCheck = 0920;
				ORGANIZATIONNAME = "Christopher Lin";
				TargetAttributes = {
					82CFB36521E5612200B7A25C = {
						CreatedOnToolsVersion = 9.2;
						ProvisioningStyle = Automatic;
					};
					82CFB37921E5612300B7A25C = {
						CreatedOnToolsVersion = 9.2;
						ProvisioningStyle = Automatic;
						TestTargetID = 82CFB36521E5612200B7A25C;
					};
					82CFB38421E5612300B7A25C = {
						CreatedOnToolsVersion = 9.2;
						ProvisioningStyle = Automatic;
						TestTargetID = 82CFB36521E5612200B7A25C;
					};
				};
			};
			buildConfigurationList = 82CFB36121E5612200B7A25C /* Build configuration list for PBXProject "TipCalculator" */;
			compatibilityVersion = "Xcode 8.0";
			developmentRegion = en;
			hasScannedForEncodings = 0;
			knownRegions = (
				en,
				Base,
			);
			mainGroup = 82CFB35D21E5612200B7A25C;
			productRefGroup = 82CFB36721E5612200B7A25C /* Products */;
			projectDirPath = "";
			projectRoot = "";
			targets = (
				82CFB36521E5612200B7A25C /* TipCalculator */,
				82CFB37921E5612300B7A25C /* TipCalculatorTests */,
				82CFB38421E5612300B7A25C /* TipCalculatorUITests */,
			);
		};
/* End PBXProject section */

/* Begin PBXResourcesBuildPhase section */
		82CFB36421E5612200B7A25C /* Resources */ = {
			isa = PBXResourcesBuildPhase;
			buildActionMask = 2147483647;
			files = (
				82CFB37421E5612200B7A25C /* LaunchScreen.storyboard in Resources */,
				82CFB37121E5612200B7A25C /* Assets.xcassets in Resources */,
				82CFB36F21E5612200B7A25C /* Main.storyboard in Resources */,
			);
			runOnlyForDeploymentPostprocessing = 0;
		};
		82CFB37821E5612300B7A25C /* Resources */ = {
			isa = PBXResourcesBuildPhase;
			buildActionMask = 2147483647;
			files = (
			);
			runOnlyForDeploymentPostprocessing = 0;
		};
		82CFB38321E5612300B7A25C /* Resources */ = {
			isa = PBXResourcesBuildPhase;
			buildActionMask = 2147483647;
			files = (
			);
			runOnlyForDeploymentPostprocessing = 0;
		};
/* End PBXResourcesBuildPhase section */

/* Begin PBXSourcesBuildPhase section */
		82CFB36221E5612200B7A25C /* Sources */ = {
			isa = PBXSourcesBuildPhase;
			buildActionMask = 2147483647;
			files = (
				82CFB36C21E5612200B7A25C /* ViewController.swift in Sources */,
				82CFB36A21E5612200B7A25C /* AppDelegate.swift in Sources */,
			);
			runOnlyForDeploymentPostprocessing = 0;
		};
		82CFB37621E5612300B7A25C /* Sources */ = {
			isa = PBXSourcesBuildPhase;
			buildActionMask = 2147483647;
			files = (
				82CFB37F21E5612300B7A25C /* TipCalculatorTests.swift in Sources */,
			);
			runOnlyForDeploymentPostprocessing = 0;
		};
		82CFB38121E5612300B7A25C /* Sources */ = {
			isa = PBXSourcesBuildPhase;
			buildActionMask = 2147483647;
			files = (
				82CFB38A21E5612300B7A25C /* TipCalculatorUITests.swift in Sources */,
			);
			runOnlyForDeploymentPostprocessing = 0;
		};
/* End PBXSourcesBuildPhase section */

/* Begin PBXTargetDependency section */
		82CFB37C21E5612300B7A25C /* PBXTargetDependency */ = {
			isa = PBXTargetDependency;
			target = 82CFB36521E5612200B7A25C /* TipCalculator */;
			targetProxy = 82CFB37B21E5612300B7A25C /* PBXContainerItemProxy */;
		};
		82CFB38721E5612300B7A25C /* PBXTargetDependency */ = {
			isa = PBXTargetDependency;
			target = 82CFB36521E5612200B7A25C /* TipCalculator */;
			targetProxy = 82CFB38621E5612300B7A25C /* PBXContainerItemProxy */;
		};
/* End PBXTargetDependency section */

/* Begin PBXVariantGroup section */
		82CFB36D21E5612200B7A25C /* Main.storyboard */ = {
			isa = PBXVariantGroup;
			children = (
				82CFB36E21E5612200B7A25C /* Base */,
			);
			name = Main.storyboard;
			sourceTree = "<group>";
		};
		82CFB37221E5612200B7A25C /* LaunchScreen.storyboard */ = {
			isa = PBXVariantGroup;
			children = (
				82CFB37321E5612200B7A25C /* Base */,
			);
			name = LaunchScreen.storyboard;
			sourceTree = "<group>";
		};
/* End PBXVariantGroup section */

/* Begin XCBuildConfiguration section */
		82CFB38C21E5612300B7A25C /* Debug */ = {
			isa = XCBuildConfiguration;
			buildSettings = {
				ALWAYS_SEARCH_USER_PATHS = NO;
				CLANG_ANALYZER_NONNULL = YES;
				CLANG_ANALYZER_NUMBER_OBJECT_CONVERSION = YES_AGGRESSIVE;
				CLANG_CXX_LANGUAGE_STANDARD = "gnu++14";
				CLANG_CXX_LIBRARY = "libc++";
				CLANG_ENABLE_MODULES = YES;
				CLANG_ENABLE_OBJC_ARC = YES;
				CLANG_WARN_BLOCK_CAPTURE_AUTORELEASING = YES;
				CLANG_WARN_BOOL_CONVERSION = YES;
				CLANG_WARN_COMMA = YES;
				CLANG_WARN_CONSTANT_CONVERSION = YES;
				CLANG_WARN_DIRECT_OBJC_ISA_USAGE = YES_ERROR;
				CLANG_WARN_DOCUMENTATION_COMMENTS = YES;
				CLANG_WARN_EMPTY_BODY = YES;
				CLANG_WARN_ENUM_CONVERSION = YES;
				CLANG_WARN_INFINITE_RECURSION = YES;
				CLANG_WARN_INT_CONVERSION = YES;
				CLANG_WARN_NON_LITERAL_NULL_CONVERSION = YES;
				CLANG_WARN_OBJC_LITERAL_CONVERSION = YES;
				CLANG_WARN_OBJC_ROOT_CLASS = YES_ERROR;
				CLANG_WARN_RANGE_LOOP_ANALYSIS = YES;
				CLANG_WARN_STRICT_PROTOTYPES = YES;
				CLANG_WARN_SUSPICIOUS_MOVE = YES;
				CLANG_WARN_UNGUARDED_AVAILABILITY = YES_AGGRESSIVE;
				CLANG_WARN_UNREACHABLE_CODE = YES;
				CLANG_WARN__DUPLICATE_METHOD_MATCH = YES;
				CODE_SIGN_IDENTITY = "iPhone Developer";
				COPY_PHASE_STRIP = NO;
				DEBUG_INFORMATION_FORMAT = dwarf;
				ENABLE_STRICT_OBJC_MSGSEND = YES;
				ENABLE_TESTABILITY = YES;
				GCC_C_LANGUAGE_STANDARD = gnu11;
				GCC_DYNAMIC_NO_PIC = NO;
				GCC_NO_COMMON_BLOCKS = YES;
				GCC_OPTIMIZATION_LEVEL = 0;
				GCC_PREPROCESSOR_DEFINITIONS = (
					"DEBUG=1",
					"$(inherited)",
				);
				GCC_WARN_64_TO_32_BIT_CONVERSION = YES;
				GCC_WARN_ABOUT_RETURN_TYPE = YES_ERROR;
				GCC_WARN_UNDECLARED_SELECTOR = YES;
				GCC_WARN_UNINITIALIZED_AUTOS = YES_AGGRESSIVE;
				GCC_WARN_UNUSED_FUNCTION = YES;
				GCC_WARN_UNUSED_VARIABLE = YES;
				IPHONEOS_DEPLOYMENT_TARGET = 11.2;
				MTL_ENABLE_DEBUG_INFO = YES;
				ONLY_ACTIVE_ARCH = YES;
				SDKROOT = iphoneos;
				SWIFT_ACTIVE_COMPILATION_CONDITIONS = DEBUG;
				SWIFT_OPTIMIZATION_LEVEL = "-Onone";
			};
			name = Debug;
		};
		82CFB38D21E5612300B7A25C /* Release */ = {
			isa = XCBuildConfiguration;
			buildSettings = {
				ALWAYS_SEARCH_USER_PATHS = NO;
				CLANG_ANALYZER_NONNULL = YES;
				CLANG_ANALYZER_NUMBER_OBJECT_CONVERSION = YES_AGGRESSIVE;
				CLANG_CXX_LANGUAGE_STANDARD = "gnu++14";
				CLANG_CXX_LIBRARY = "libc++";
				CLANG_ENABLE_MODULES = YES;
				CLANG_ENABLE_OBJC_ARC = YES;
				CLANG_WARN_BLOCK_CAPTURE_AUTORELEASING = YES;
				CLANG_WARN_BOOL_CONVERSION = YES;
				CLANG_WARN_COMMA = YES;
				CLANG_WARN_CONSTANT_CONVERSION = YES;
				CLANG_WARN_DIRECT_OBJC_ISA_USAGE = YES_ERROR;
				CLANG_WARN_DOCUMENTATION_COMMENTS = YES;
				CLANG_WARN_EMPTY_BODY = YES;
				CLANG_WARN_ENUM_CONVERSION = YES;
				CLANG_WARN_INFINITE_RECURSION = YES;
				CLANG_WARN_INT_CONVERSION = YES;
				CLANG_WARN_NON_LITERAL_NULL_CONVERSION = YES;
				CLANG_WARN_OBJC_LITERAL_CONVERSION = YES;
				CLANG_WARN_OBJC_ROOT_CLASS = YES_ERROR;
				CLANG_WARN_RANGE_LOOP_ANALYSIS = YES;
				CLANG_WARN_STRICT_PROTOTYPES = YES;
				CLANG_WARN_SUSPICIOUS_MOVE = YES;
				CLANG_WARN_UNGUARDED_AVAILABILITY = YES_AGGRESSIVE;
				CLANG_WARN_UNREACHABLE_CODE = YES;
				CLANG_WARN__DUPLICATE_METHOD_MATCH = YES;
				CODE_SIGN_IDENTITY = "iPhone Developer";
				COPY_PHASE_STRIP = NO;
				DEBUG_INFORMATION_FORMAT = "dwarf-with-dsym";
				ENABLE_NS_ASSERTIONS = NO;
				ENABLE_STRICT_OBJC_MSGSEND = YES;
				GCC_C_LANGUAGE_STANDARD = gnu11;
				GCC_NO_COMMON_BLOCKS = YES;
				GCC_WARN_64_TO_32_BIT_CONVERSION = YES;
				GCC_WARN_ABOUT_RETURN_TYPE = YES_ERROR;
				GCC_WARN_UNDECLARED_SELECTOR = YES;
				GCC_WARN_UNINITIALIZED_AUTOS = YES_AGGRESSIVE;
				GCC_WARN_UNUSED_FUNCTION = YES;
				GCC_WARN_UNUSED_VARIABLE = YES;
				IPHONEOS_DEPLOYMENT_TARGET = 11.2;
				MTL_ENABLE_DEBUG_INFO = NO;
				SDKROOT = iphoneos;
				SWIFT_OPTIMIZATION_LEVEL = "-Owholemodule";
				VALIDATE_PRODUCT = YES;
			};
			name = Release;
		};
		82CFB38F21E5612300B7A25C /* Debug */ = {
			isa = XCBuildConfiguration;
			buildSettings = {
				ASSETCATALOG_COMPILER_APPICON_NAME = AppIcon;
				CODE_SIGN_STYLE = Automatic;
				INFOPLIST_FILE = TipCalculator/Info.plist;
				LD_RUNPATH_SEARCH_PATHS = "$(inherited) @executable_path/Frameworks";
				PRODUCT_BUNDLE_IDENTIFIER = clin.TipCalculator;
				PRODUCT_NAME = "$(TARGET_NAME)";
				SWIFT_VERSION = 4.0;
				TARGETED_DEVICE_FAMILY = "1,2";
			};
			name = Debug;
		};
		82CFB39021E5612300B7A25C /* Release */ = {
			isa = XCBuildConfiguration;
			buildSettings = {
				ASSETCATALOG_COMPILER_APPICON_NAME = AppIcon;
				CODE_SIGN_STYLE = Automatic;
				INFOPLIST_FILE = TipCalculator/Info.plist;
				LD_RUNPATH_SEARCH_PATHS = "$(inherited) @executable_path/Frameworks";
				PRODUCT_BUNDLE_IDENTIFIER = clin.TipCalculator;
				PRODUCT_NAME = "$(TARGET_NAME)";
				SWIFT_VERSION = 4.0;
				TARGETED_DEVICE_FAMILY = "1,2";
			};
			name = Release;
		};
		82CFB39221E5612300B7A25C /* Debug */ = {
			isa = XCBuildConfiguration;
			buildSettings = {
				ALWAYS_EMBED_SWIFT_STANDARD_LIBRARIES = YES;
				BUNDLE_LOADER = "$(TEST_HOST)";
				CODE_SIGN_STYLE = Automatic;
				INFOPLIST_FILE = TipCalculatorTests/Info.plist;
				LD_RUNPATH_SEARCH_PATHS = "$(inherited) @executable_path/Frameworks @loader_path/Frameworks";
				PRODUCT_BUNDLE_IDENTIFIER = clin.TipCalculatorTests;
				PRODUCT_NAME = "$(TARGET_NAME)";
				SWIFT_VERSION = 4.0;
				TARGETED_DEVICE_FAMILY = "1,2";
				TEST_HOST = "$(BUILT_PRODUCTS_DIR)/TipCalculator.app/TipCalculator";
			};
			name = Debug;
		};
		82CFB39321E5612300B7A25C /* Release */ = {
			isa = XCBuildConfiguration;
			buildSettings = {
				ALWAYS_EMBED_SWIFT_STANDARD_LIBRARIES = YES;
				BUNDLE_LOADER = "$(TEST_HOST)";
				CODE_SIGN_STYLE = Automatic;
				INFOPLIST_FILE = TipCalculatorTests/Info.plist;
				LD_RUNPATH_SEARCH_PATHS = "$(inherited) @executable_path/Frameworks @loader_path/Frameworks";
				PRODUCT_BUNDLE_IDENTIFIER = clin.TipCalculatorTests;
				PRODUCT_NAME = "$(TARGET_NAME)";
				SWIFT_VERSION = 4.0;
				TARGETED_DEVICE_FAMILY = "1,2";
				TEST_HOST = "$(BUILT_PRODUCTS_DIR)/TipCalculator.app/TipCalculator";
			};
			name = Release;
		};
		82CFB39521E5612300B7A25C /* Debug */ = {
			isa = XCBuildConfiguration;
			buildSettings = {
				ALWAYS_EMBED_SWIFT_STANDARD_LIBRARIES = YES;
				CODE_SIGN_STYLE = Automatic;
				INFOPLIST_FILE = TipCalculatorUITests/Info.plist;
				LD_RUNPATH_SEARCH_PATHS = "$(inherited) @executable_path/Frameworks @loader_path/Frameworks";
				PRODUCT_BUNDLE_IDENTIFIER = clin.TipCalculatorUITests;
				PRODUCT_NAME = "$(TARGET_NAME)";
				SWIFT_VERSION = 4.0;
				TARGETED_DEVICE_FAMILY = "1,2";
				TEST_TARGET_NAME = TipCalculator;
			};
			name = Debug;
		};
		82CFB39621E5612300B7A25C /* Release */ = {
			isa = XCBuildConfiguration;
			buildSettings = {
				ALWAYS_EMBED_SWIFT_STANDARD_LIBRARIES = YES;
				CODE_SIGN_STYLE = Automatic;
				INFOPLIST_FILE = TipCalculatorUITests/Info.plist;
				LD_RUNPATH_SEARCH_PATHS = "$(inherited) @executable_path/Frameworks @loader_path/Frameworks";
				PRODUCT_BUNDLE_IDENTIFIER = clin.TipCalculatorUITests;
				PRODUCT_NAME = "$(TARGET_NAME)";
				SWIFT_VERSION = 4.0;
				TARGETED_DEVICE_FAMILY = "1,2";
				TEST_TARGET_NAME = TipCalculator;
			};
			name = Release;
		};
/* End XCBuildConfiguration section */

/* Begin XCConfigurationList section */
		82CFB36121E5612200B7A25C /* Build configuration list for PBXProject "TipCalculator" */ = {
			isa = XCConfigurationList;
			buildConfigurations = (
				82CFB38C21E5612300B7A25C /* Debug */,
				82CFB38D21E5612300B7A25C /* Release */,
			);
			defaultConfigurationIsVisible = 0;
			defaultConfigurationName = Release;
		};
		82CFB38E21E5612300B7A25C /* Build configuration list for PBXNativeTarget "TipCalculator" */ = {
			isa = XCConfigurationList;
			buildConfigurations = (
				82CFB38F21E5612300B7A25C /* Debug */,
				82CFB39021E5612300B7A25C /* Release */,
			);
			defaultConfigurationIsVisible = 0;
			defaultConfigurationName = Release;
		};
		82CFB39121E5612300B7A25C /* Build configuration list for PBXNativeTarget "TipCalculatorTests" */ = {
			isa = XCConfigurationList;
			buildConfigurations = (
				82CFB39221E5612300B7A25C /* Debug */,
				82CFB39321E5612300B7A25C /* Release */,
			);
			defaultConfigurationIsVisible = 0;
			defaultConfigurationName = Release;
		};
		82CFB39421E5612300B7A25C /* Build configuration list for PBXNativeTarget "TipCalculatorUITests" */ = {
			isa = XCConfigurationList;
			buildConfigurations = (
				82CFB39521E5612300B7A25C /* Debug */,
				82CFB39621E5612300B7A25C /* Release */,
			);
			defaultConfigurationIsVisible = 0;
			defaultConfigurationName = Release;
		};
/* End XCConfigurationList section */
	};
	rootObject = 82CFB35E21E5612200B7A25C /* Project object */;
}
